// !$*UTF8*$!
{
	archiveVersion = 1;
	classes = {
	};
	objectVersion = 56;
	objects = {

/* Begin PBXBuildFile section */
		892941DF56C9A22DF35DE1B2 /* Pods_ArticleApp.framework in Frameworks */ = {isa = PBXBuildFile; fileRef = AF169EF561DD21922EED08EF /* Pods_ArticleApp.framework */; };
		FF221CDA2A08DAF80007EC27 /* ArticleViewCell.swift in Sources */ = {isa = PBXBuildFile; fileRef = FF221CD92A08DAF80007EC27 /* ArticleViewCell.swift */; };
		FF5428FC2A0819180027A1A4 /* AppDelegate.swift in Sources */ = {isa = PBXBuildFile; fileRef = FF5428FB2A0819180027A1A4 /* AppDelegate.swift */; };
		FF5428FE2A0819180027A1A4 /* SceneDelegate.swift in Sources */ = {isa = PBXBuildFile; fileRef = FF5428FD2A0819180027A1A4 /* SceneDelegate.swift */; };
		FF5429002A0819180027A1A4 /* ViewController.swift in Sources */ = {isa = PBXBuildFile; fileRef = FF5428FF2A0819180027A1A4 /* ViewController.swift */; };
		FF5429032A0819180027A1A4 /* Main.storyboard in Resources */ = {isa = PBXBuildFile; fileRef = FF5429012A0819180027A1A4 /* Main.storyboard */; };
		FF5429052A08191A0027A1A4 /* Assets.xcassets in Resources */ = {isa = PBXBuildFile; fileRef = FF5429042A08191A0027A1A4 /* Assets.xcassets */; };
		FF5429082A08191A0027A1A4 /* LaunchScreen.storyboard in Resources */ = {isa = PBXBuildFile; fileRef = FF5429062A08191A0027A1A4 /* LaunchScreen.storyboard */; };
		FF5429142A08370C0027A1A4 /* ArticleResponse.swift in Sources */ = {isa = PBXBuildFile; fileRef = FF5429132A08370C0027A1A4 /* ArticleResponse.swift */; };
		FF5429162A0837760027A1A4 /* Article.swift in Sources */ = {isa = PBXBuildFile; fileRef = FF5429152A0837760027A1A4 /* Article.swift */; };
		FF5429192A083A490027A1A4 /* ApiService.swift in Sources */ = {isa = PBXBuildFile; fileRef = FF5429182A083A490027A1A4 /* ApiService.swift */; };
		FF54291B2A0841C50027A1A4 /* HomeViewController.swift in Sources */ = {isa = PBXBuildFile; fileRef = FF54291A2A0841C50027A1A4 /* HomeViewController.swift */; };
		FF662ED92A0B86DD0035154C /* TopArticleListViewCell.swift in Sources */ = {isa = PBXBuildFile; fileRef = FF662ED82A0B86DD0035154C /* TopArticleListViewCell.swift */; };
		FF662EDB2A0B936B0035154C /* TopArticleViewCell.swift in Sources */ = {isa = PBXBuildFile; fileRef = FF662EDA2A0B936B0035154C /* TopArticleViewCell.swift */; };
		FF662EDE2A0BDC440035154C /* ArticleApp.xcdatamodeld in Sources */ = {isa = PBXBuildFile; fileRef = FF662EDC2A0BDC440035154C /* ArticleApp.xcdatamodeld */; };
		FF662EE12A0BE0F60035154C /* CoreDataStorage.swift in Sources */ = {isa = PBXBuildFile; fileRef = FF662EE02A0BE0F60035154C /* CoreDataStorage.swift */; };
		FFC7C9EC2A0C01FB00D4FED3 /* ReadingListViewController.swift in Sources */ = {isa = PBXBuildFile; fileRef = FFC7C9EB2A0C01FB00D4FED3 /* ReadingListViewController.swift */; };
		FFC7C9EE2A0C043800D4FED3 /* ArticleViewCell.xib in Resources */ = {isa = PBXBuildFile; fileRef = FFC7C9ED2A0C043800D4FED3 /* ArticleViewCell.xib */; };
		FFC7C9F12A0C0BC300D4FED3 /* NotificationExtensions.swift in Sources */ = {isa = PBXBuildFile; fileRef = FFC7C9F02A0C0BC300D4FED3 /* NotificationExtensions.swift */; };
/* End PBXBuildFile section */

/* Begin PBXFileReference section */
		1E99AAF89C04CE2781E98AFD /* Pods-ArticleApp.release.xcconfig */ = {isa = PBXFileReference; includeInIndex = 1; lastKnownFileType = text.xcconfig; name = "Pods-ArticleApp.release.xcconfig"; path = "Target Support Files/Pods-ArticleApp/Pods-ArticleApp.release.xcconfig"; sourceTree = "<group>"; };
		9A70D4C9EA2BE64595C4F007 /* Pods-ArticleApp.debug.xcconfig */ = {isa = PBXFileReference; includeInIndex = 1; lastKnownFileType = text.xcconfig; name = "Pods-ArticleApp.debug.xcconfig"; path = "Target Support Files/Pods-ArticleApp/Pods-ArticleApp.debug.xcconfig"; sourceTree = "<group>"; };
		AF169EF561DD21922EED08EF /* Pods_ArticleApp.framework */ = {isa = PBXFileReference; explicitFileType = wrapper.framework; includeInIndex = 0; path = Pods_ArticleApp.framework; sourceTree = BUILT_PRODUCTS_DIR; };
		FF221CD92A08DAF80007EC27 /* ArticleViewCell.swift */ = {isa = PBXFileReference; lastKnownFileType = sourcecode.swift; path = ArticleViewCell.swift; sourceTree = "<group>"; };
		FF5428F82A0819180027A1A4 /* ArticleApp.app */ = {isa = PBXFileReference; explicitFileType = wrapper.application; includeInIndex = 0; path = ArticleApp.app; sourceTree = BUILT_PRODUCTS_DIR; };
		FF5428FB2A0819180027A1A4 /* AppDelegate.swift */ = {isa = PBXFileReference; lastKnownFileType = sourcecode.swift; path = AppDelegate.swift; sourceTree = "<group>"; };
		FF5428FD2A0819180027A1A4 /* SceneDelegate.swift */ = {isa = PBXFileReference; lastKnownFileType = sourcecode.swift; path = SceneDelegate.swift; sourceTree = "<group>"; };
		FF5428FF2A0819180027A1A4 /* ViewController.swift */ = {isa = PBXFileReference; lastKnownFileType = sourcecode.swift; path = ViewController.swift; sourceTree = "<group>"; };
		FF5429022A0819180027A1A4 /* Base */ = {isa = PBXFileReference; lastKnownFileType = file.storyboard; name = Base; path = Base.lproj/Main.storyboard; sourceTree = "<group>"; };
		FF5429042A08191A0027A1A4 /* Assets.xcassets */ = {isa = PBXFileReference; lastKnownFileType = folder.assetcatalog; path = Assets.xcassets; sourceTree = "<group>"; };
		FF5429072A08191A0027A1A4 /* Base */ = {isa = PBXFileReference; lastKnownFileType = file.storyboard; name = Base; path = Base.lproj/LaunchScreen.storyboard; sourceTree = "<group>"; };
		FF5429092A08191A0027A1A4 /* Info.plist */ = {isa = PBXFileReference; lastKnownFileType = text.plist.xml; path = Info.plist; sourceTree = "<group>"; };
		FF5429132A08370C0027A1A4 /* ArticleResponse.swift */ = {isa = PBXFileReference; lastKnownFileType = sourcecode.swift; path = ArticleResponse.swift; sourceTree = "<group>"; };
		FF5429152A0837760027A1A4 /* Article.swift */ = {isa = PBXFileReference; lastKnownFileType = sourcecode.swift; path = Article.swift; sourceTree = "<group>"; };
		FF5429182A083A490027A1A4 /* ApiService.swift */ = {isa = PBXFileReference; lastKnownFileType = sourcecode.swift; path = ApiService.swift; sourceTree = "<group>"; };
		FF54291A2A0841C50027A1A4 /* HomeViewController.swift */ = {isa = PBXFileReference; lastKnownFileType = sourcecode.swift; path = HomeViewController.swift; sourceTree = "<group>"; };
		FF662ED82A0B86DD0035154C /* TopArticleListViewCell.swift */ = {isa = PBXFileReference; lastKnownFileType = sourcecode.swift; path = TopArticleListViewCell.swift; sourceTree = "<group>"; };
		FF662EDA2A0B936B0035154C /* TopArticleViewCell.swift */ = {isa = PBXFileReference; lastKnownFileType = sourcecode.swift; path = TopArticleViewCell.swift; sourceTree = "<group>"; };
		FF662EDD2A0BDC440035154C /* ArticleApp.xcdatamodel */ = {isa = PBXFileReference; lastKnownFileType = wrapper.xcdatamodel; path = ArticleApp.xcdatamodel; sourceTree = "<group>"; };
		FF662EE02A0BE0F60035154C /* CoreDataStorage.swift */ = {isa = PBXFileReference; lastKnownFileType = sourcecode.swift; path = CoreDataStorage.swift; sourceTree = "<group>"; };
		FFC7C9EB2A0C01FB00D4FED3 /* ReadingListViewController.swift */ = {isa = PBXFileReference; lastKnownFileType = sourcecode.swift; path = ReadingListViewController.swift; sourceTree = "<group>"; };
		FFC7C9ED2A0C043800D4FED3 /* ArticleViewCell.xib */ = {isa = PBXFileReference; lastKnownFileType = file.xib; path = ArticleViewCell.xib; sourceTree = "<group>"; };
		FFC7C9F02A0C0BC300D4FED3 /* NotificationExtensions.swift */ = {isa = PBXFileReference; lastKnownFileType = sourcecode.swift; path = NotificationExtensions.swift; sourceTree = "<group>"; };
/* End PBXFileReference section */

/* Begin PBXFrameworksBuildPhase section */
		FF5428F52A0819180027A1A4 /* Frameworks */ = {
			isa = PBXFrameworksBuildPhase;
			buildActionMask = 2147483647;
			files = (
				892941DF56C9A22DF35DE1B2 /* Pods_ArticleApp.framework in Frameworks */,
			);
			runOnlyForDeploymentPostprocessing = 0;
		};
/* End PBXFrameworksBuildPhase section */

/* Begin PBXGroup section */
		83779B80D73719F4345CD4EB /* Pods */ = {
			isa = PBXGroup;
			children = (
				9A70D4C9EA2BE64595C4F007 /* Pods-ArticleApp.debug.xcconfig */,
				1E99AAF89C04CE2781E98AFD /* Pods-ArticleApp.release.xcconfig */,
			);
			path = Pods;
			sourceTree = "<group>";
		};
		F54EBB8F5C0CD7EB9E4D0F39 /* Frameworks */ = {
			isa = PBXGroup;
			children = (
				AF169EF561DD21922EED08EF /* Pods_ArticleApp.framework */,
			);
			name = Frameworks;
			sourceTree = "<group>";
		};
		FF221CD82A08DA9A0007EC27 /* Home */ = {
			isa = PBXGroup;
			children = (
				FF221CD92A08DAF80007EC27 /* ArticleViewCell.swift */,
				FF54291A2A0841C50027A1A4 /* HomeViewController.swift */,
				FF662ED82A0B86DD0035154C /* TopArticleListViewCell.swift */,
				FF662EDA2A0B936B0035154C /* TopArticleViewCell.swift */,
				FFC7C9ED2A0C043800D4FED3 /* ArticleViewCell.xib */,
			);
			path = Home;
			sourceTree = "<group>";
		};
		FF5428EF2A0819180027A1A4 = {
			isa = PBXGroup;
			children = (
				FF5428FA2A0819180027A1A4 /* ArticleApp */,
				FF5428F92A0819180027A1A4 /* Products */,
				83779B80D73719F4345CD4EB /* Pods */,
				F54EBB8F5C0CD7EB9E4D0F39 /* Frameworks */,
			);
			sourceTree = "<group>";
		};
		FF5428F92A0819180027A1A4 /* Products */ = {
			isa = PBXGroup;
			children = (
				FF5428F82A0819180027A1A4 /* ArticleApp.app */,
			);
			name = Products;
			sourceTree = "<group>";
		};
		FF5428FA2A0819180027A1A4 /* ArticleApp */ = {
			isa = PBXGroup;
			children = (
				FFC7C9EF2A0C0BB000D4FED3 /* Extensions */,
				FFC7C9EA2A0C01D100D4FED3 /* ReadingList */,
				FF221CD82A08DA9A0007EC27 /* Home */,
				FF5429172A083A380027A1A4 /* Services */,
				FF662EDF2A0BE0DA0035154C /* Storage */,
				FF5429122A0836FC0027A1A4 /* Models */,
				FF5428FB2A0819180027A1A4 /* AppDelegate.swift */,
				FF5428FD2A0819180027A1A4 /* SceneDelegate.swift */,
				FF5428FF2A0819180027A1A4 /* ViewController.swift */,
				FF5429012A0819180027A1A4 /* Main.storyboard */,
				FF5429042A08191A0027A1A4 /* Assets.xcassets */,
				FF5429062A08191A0027A1A4 /* LaunchScreen.storyboard */,
				FF5429092A08191A0027A1A4 /* Info.plist */,
				FF662EDC2A0BDC440035154C /* ArticleApp.xcdatamodeld */,
			);
			path = ArticleApp;
			sourceTree = "<group>";
		};
		FF5429122A0836FC0027A1A4 /* Models */ = {
			isa = PBXGroup;
			children = (
				FF5429132A08370C0027A1A4 /* ArticleResponse.swift */,
				FF5429152A0837760027A1A4 /* Article.swift */,
			);
			path = Models;
			sourceTree = "<group>";
		};
		FF5429172A083A380027A1A4 /* Services */ = {
			isa = PBXGroup;
			children = (
				FF5429182A083A490027A1A4 /* ApiService.swift */,
			);
			path = Services;
			sourceTree = "<group>";
		};
		FF662EDF2A0BE0DA0035154C /* Storage */ = {
			isa = PBXGroup;
			children = (
				FF662EE02A0BE0F60035154C /* CoreDataStorage.swift */,
			);
			path = Storage;
			sourceTree = "<group>";
		};
		FFC7C9EA2A0C01D100D4FED3 /* ReadingList */ = {
			isa = PBXGroup;
			children = (
				FFC7C9EB2A0C01FB00D4FED3 /* ReadingListViewController.swift */,
			);
			path = ReadingList;
			sourceTree = "<group>";
		};
		FFC7C9EF2A0C0BB000D4FED3 /* Extensions */ = {
			isa = PBXGroup;
			children = (
				FFC7C9F02A0C0BC300D4FED3 /* NotificationExtensions.swift */,
			);
			path = Extensions;
			sourceTree = "<group>";
		};
/* End PBXGroup section */

/* Begin PBXNativeTarget section */
		FF5428F72A0819180027A1A4 /* ArticleApp */ = {
			isa = PBXNativeTarget;
			buildConfigurationList = FF54290C2A08191A0027A1A4 /* Build configuration list for PBXNativeTarget "ArticleApp" */;
			buildPhases = (
				1AEB29FC63AC58BED644AECD /* [CP] Check Pods Manifest.lock */,
				FF5428F42A0819180027A1A4 /* Sources */,
				FF5428F52A0819180027A1A4 /* Frameworks */,
				FF5428F62A0819180027A1A4 /* Resources */,
				9EE65356B1BE259ADBD92B1E /* [CP] Embed Pods Frameworks */,
			);
			buildRules = (
			);
			dependencies = (
			);
			name = ArticleApp;
			productName = ArticleApp;
			productReference = FF5428F82A0819180027A1A4 /* ArticleApp.app */;
			productType = "com.apple.product-type.application";
		};
/* End PBXNativeTarget section */

/* Begin PBXProject section */
		FF5428F02A0819180027A1A4 /* Project object */ = {
			isa = PBXProject;
			attributes = {
				BuildIndependentTargetsInParallel = 1;
				LastSwiftUpdateCheck = 1430;
				LastUpgradeCheck = 1430;
				TargetAttributes = {
					FF5428F72A0819180027A1A4 = {
						CreatedOnToolsVersion = 14.3;
					};
				};
			};
			buildConfigurationList = FF5428F32A0819180027A1A4 /* Build configuration list for PBXProject "ArticleApp" */;
			compatibilityVersion = "Xcode 14.0";
			developmentRegion = en;
			hasScannedForEncodings = 0;
			knownRegions = (
				en,
				Base,
			);
			mainGroup = FF5428EF2A0819180027A1A4;
			productRefGroup = FF5428F92A0819180027A1A4 /* Products */;
			projectDirPath = "";
			projectRoot = "";
			targets = (
				FF5428F72A0819180027A1A4 /* ArticleApp */,
			);
		};
/* End PBXProject section */

/* Begin PBXResourcesBuildPhase section */
		FF5428F62A0819180027A1A4 /* Resources */ = {
			isa = PBXResourcesBuildPhase;
			buildActionMask = 2147483647;
			files = (
				FF5429082A08191A0027A1A4 /* LaunchScreen.storyboard in Resources */,
				FF5429052A08191A0027A1A4 /* Assets.xcassets in Resources */,
				FF5429032A0819180027A1A4 /* Main.storyboard in Resources */,
				FFC7C9EE2A0C043800D4FED3 /* ArticleViewCell.xib in Resources */,
			);
			runOnlyForDeploymentPostprocessing = 0;
		};
/* End PBXResourcesBuildPhase section */

/* Begin PBXShellScriptBuildPhase section */
		1AEB29FC63AC58BED644AECD /* [CP] Check Pods Manifest.lock */ = {
			isa = PBXShellScriptBuildPhase;
			buildActionMask = 2147483647;
			files = (
			);
			inputFileListPaths = (
			);
			inputPaths = (
				"${PODS_PODFILE_DIR_PATH}/Podfile.lock",
				"${PODS_ROOT}/Manifest.lock",
			);
			name = "[CP] Check Pods Manifest.lock";
			outputFileListPaths = (
			);
			outputPaths = (
				"$(DERIVED_FILE_DIR)/Pods-ArticleApp-checkManifestLockResult.txt",
			);
			runOnlyForDeploymentPostprocessing = 0;
			shellPath = /bin/sh;
			shellScript = "diff \"${PODS_PODFILE_DIR_PATH}/Podfile.lock\" \"${PODS_ROOT}/Manifest.lock\" > /dev/null\nif [ $? != 0 ] ; then\n    # print error to STDERR\n    echo \"error: The sandbox is not in sync with the Podfile.lock. Run 'pod install' or update your CocoaPods installation.\" >&2\n    exit 1\nfi\n# This output is used by Xcode 'outputs' to avoid re-running this script phase.\necho \"SUCCESS\" > \"${SCRIPT_OUTPUT_FILE_0}\"\n";
			showEnvVarsInLog = 0;
		};
		9EE65356B1BE259ADBD92B1E /* [CP] Embed Pods Frameworks */ = {
			isa = PBXShellScriptBuildPhase;
			buildActionMask = 2147483647;
			files = (
			);
			inputFileListPaths = (
				"${PODS_ROOT}/Target Support Files/Pods-ArticleApp/Pods-ArticleApp-frameworks-${CONFIGURATION}-input-files.xcfilelist",
			);
			name = "[CP] Embed Pods Frameworks";
			outputFileListPaths = (
				"${PODS_ROOT}/Target Support Files/Pods-ArticleApp/Pods-ArticleApp-frameworks-${CONFIGURATION}-output-files.xcfilelist",
			);
			runOnlyForDeploymentPostprocessing = 0;
			shellPath = /bin/sh;
			shellScript = "\"${PODS_ROOT}/Target Support Files/Pods-ArticleApp/Pods-ArticleApp-frameworks.sh\"\n";
			showEnvVarsInLog = 0;
		};
/* End PBXShellScriptBuildPhase section */

/* Begin PBXSourcesBuildPhase section */
		FF5428F42A0819180027A1A4 /* Sources */ = {
			isa = PBXSourcesBuildPhase;
			buildActionMask = 2147483647;
			files = (
				FF662EE12A0BE0F60035154C /* CoreDataStorage.swift in Sources */,
				FF662EDE2A0BDC440035154C /* ArticleApp.xcdatamodeld in Sources */,
				FF5429002A0819180027A1A4 /* ViewController.swift in Sources */,
				FF5428FC2A0819180027A1A4 /* AppDelegate.swift in Sources */,
				FFC7C9F12A0C0BC300D4FED3 /* NotificationExtensions.swift in Sources */,
				FF662ED92A0B86DD0035154C /* TopArticleListViewCell.swift in Sources */,
				FF5429192A083A490027A1A4 /* ApiService.swift in Sources */,
				FF5428FE2A0819180027A1A4 /* SceneDelegate.swift in Sources */,
				FF662EDB2A0B936B0035154C /* TopArticleViewCell.swift in Sources */,
				FF5429142A08370C0027A1A4 /* ArticleResponse.swift in Sources */,
				FFC7C9EC2A0C01FB00D4FED3 /* ReadingListViewController.swift in Sources */,
				FF54291B2A0841C50027A1A4 /* HomeViewController.swift in Sources */,
				FF5429162A0837760027A1A4 /* Article.swift in Sources */,
				FF221CDA2A08DAF80007EC27 /* ArticleViewCell.swift in Sources */,
			);
			runOnlyForDeploymentPostprocessing = 0;
		};
/* End PBXSourcesBuildPhase section */

/* Begin PBXVariantGroup section */
		FF5429012A0819180027A1A4 /* Main.storyboard */ = {
			isa = PBXVariantGroup;
			children = (
				FF5429022A0819180027A1A4 /* Base */,
			);
			name = Main.storyboard;
			sourceTree = "<group>";
		};
		FF5429062A08191A0027A1A4 /* LaunchScreen.storyboard */ = {
			isa = PBXVariantGroup;
			children = (
				FF5429072A08191A0027A1A4 /* Base */,
			);
			name = LaunchScreen.storyboard;
			sourceTree = "<group>";
		};
/* End PBXVariantGroup section */

/* Begin XCBuildConfiguration section */
		FF54290A2A08191A0027A1A4 /* Debug */ = {
			isa = XCBuildConfiguration;
			buildSettings = {
				ALWAYS_SEARCH_USER_PATHS = NO;
				CLANG_ANALYZER_NONNULL = YES;
				CLANG_ANALYZER_NUMBER_OBJECT_CONVERSION = YES_AGGRESSIVE;
				CLANG_CXX_LANGUAGE_STANDARD = "gnu++20";
				CLANG_ENABLE_MODULES = YES;
				CLANG_ENABLE_OBJC_ARC = YES;
				CLANG_ENABLE_OBJC_WEAK = YES;
				CLANG_WARN_BLOCK_CAPTURE_AUTORELEASING = YES;
				CLANG_WARN_BOOL_CONVERSION = YES;
				CLANG_WARN_COMMA = YES;
				CLANG_WARN_CONSTANT_CONVERSION = YES;
				CLANG_WARN_DEPRECATED_OBJC_IMPLEMENTATIONS = YES;
				CLANG_WARN_DIRECT_OBJC_ISA_USAGE = YES_ERROR;
				CLANG_WARN_DOCUMENTATION_COMMENTS = YES;
				CLANG_WARN_EMPTY_BODY = YES;
				CLANG_WARN_ENUM_CONVERSION = YES;
				CLANG_WARN_INFINITE_RECURSION = YES;
				CLANG_WARN_INT_CONVERSION = YES;
				CLANG_WARN_NON_LITERAL_NULL_CONVERSION = YES;
				CLANG_WARN_OBJC_IMPLICIT_RETAIN_SELF = YES;
				CLANG_WARN_OBJC_LITERAL_CONVERSION = YES;
				CLANG_WARN_OBJC_ROOT_CLASS = YES_ERROR;
				CLANG_WARN_QUOTED_INCLUDE_IN_FRAMEWORK_HEADER = YES;
				CLANG_WARN_RANGE_LOOP_ANALYSIS = YES;
				CLANG_WARN_STRICT_PROTOTYPES = YES;
				CLANG_WARN_SUSPICIOUS_MOVE = YES;
				CLANG_WARN_UNGUARDED_AVAILABILITY = YES_AGGRESSIVE;
				CLANG_WARN_UNREACHABLE_CODE = YES;
				CLANG_WARN__DUPLICATE_METHOD_MATCH = YES;
				COPY_PHASE_STRIP = NO;
				DEBUG_INFORMATION_FORMAT = dwarf;
				ENABLE_STRICT_OBJC_MSGSEND = YES;
				ENABLE_TESTABILITY = YES;
				GCC_C_LANGUAGE_STANDARD = gnu11;
				GCC_DYNAMIC_NO_PIC = NO;
				GCC_NO_COMMON_BLOCKS = YES;
				GCC_OPTIMIZATION_LEVEL = 0;
				GCC_PREPROCESSOR_DEFINITIONS = (
					"DEBUG=1",
					"$(inherited)",
				);
				GCC_WARN_64_TO_32_BIT_CONVERSION = YES;
				GCC_WARN_ABOUT_RETURN_TYPE = YES_ERROR;
				GCC_WARN_UNDECLARED_SELECTOR = YES;
				GCC_WARN_UNINITIALIZED_AUTOS = YES_AGGRESSIVE;
				GCC_WARN_UNUSED_FUNCTION = YES;
				GCC_WARN_UNUSED_VARIABLE = YES;
				IPHONEOS_DEPLOYMENT_TARGET = 16.4;
				MTL_ENABLE_DEBUG_INFO = INCLUDE_SOURCE;
				MTL_FAST_MATH = YES;
				ONLY_ACTIVE_ARCH = YES;
				SDKROOT = iphoneos;
				SWIFT_ACTIVE_COMPILATION_CONDITIONS = DEBUG;
				SWIFT_OPTIMIZATION_LEVEL = "-Onone";
			};
			name = Debug;
		};
		FF54290B2A08191A0027A1A4 /* Release */ = {
			isa = XCBuildConfiguration;
			buildSettings = {
				ALWAYS_SEARCH_USER_PATHS = NO;
				CLANG_ANALYZER_NONNULL = YES;
				CLANG_ANALYZER_NUMBER_OBJECT_CONVERSION = YES_AGGRESSIVE;
				CLANG_CXX_LANGUAGE_STANDARD = "gnu++20";
				CLANG_ENABLE_MODULES = YES;
				CLANG_ENABLE_OBJC_ARC = YES;
				CLANG_ENABLE_OBJC_WEAK = YES;
				CLANG_WARN_BLOCK_CAPTURE_AUTORELEASING = YES;
				CLANG_WARN_BOOL_CONVERSION = YES;
				CLANG_WARN_COMMA = YES;
				CLANG_WARN_CONSTANT_CONVERSION = YES;
				CLANG_WARN_DEPRECATED_OBJC_IMPLEMENTATIONS = YES;
				CLANG_WARN_DIRECT_OBJC_ISA_USAGE = YES_ERROR;
				CLANG_WARN_DOCUMENTATION_COMMENTS = YES;
				CLANG_WARN_EMPTY_BODY = YES;
				CLANG_WARN_ENUM_CONVERSION = YES;
				CLANG_WARN_INFINITE_RECURSION = YES;
				CLANG_WARN_INT_CONVERSION = YES;
				CLANG_WARN_NON_LITERAL_NULL_CONVERSION = YES;
				CLANG_WARN_OBJC_IMPLICIT_RETAIN_SELF = YES;
				CLANG_WARN_OBJC_LITERAL_CONVERSION = YES;
				CLANG_WARN_OBJC_ROOT_CLASS = YES_ERROR;
				CLANG_WARN_QUOTED_INCLUDE_IN_FRAMEWORK_HEADER = YES;
				CLANG_WARN_RANGE_LOOP_ANALYSIS = YES;
				CLANG_WARN_STRICT_PROTOTYPES = YES;
				CLANG_WARN_SUSPICIOUS_MOVE = YES;
				CLANG_WARN_UNGUARDED_AVAILABILITY = YES_AGGRESSIVE;
				CLANG_WARN_UNREACHABLE_CODE = YES;
				CLANG_WARN__DUPLICATE_METHOD_MATCH = YES;
				COPY_PHASE_STRIP = NO;
				DEBUG_INFORMATION_FORMAT = "dwarf-with-dsym";
				ENABLE_NS_ASSERTIONS = NO;
				ENABLE_STRICT_OBJC_MSGSEND = YES;
				GCC_C_LANGUAGE_STANDARD = gnu11;
				GCC_NO_COMMON_BLOCKS = YES;
				GCC_WARN_64_TO_32_BIT_CONVERSION = YES;
				GCC_WARN_ABOUT_RETURN_TYPE = YES_ERROR;
				GCC_WARN_UNDECLARED_SELECTOR = YES;
				GCC_WARN_UNINITIALIZED_AUTOS = YES_AGGRESSIVE;
				GCC_WARN_UNUSED_FUNCTION = YES;
				GCC_WARN_UNUSED_VARIABLE = YES;
				IPHONEOS_DEPLOYMENT_TARGET = 16.4;
				MTL_ENABLE_DEBUG_INFO = NO;
				MTL_FAST_MATH = YES;
				SDKROOT = iphoneos;
				SWIFT_COMPILATION_MODE = wholemodule;
				SWIFT_OPTIMIZATION_LEVEL = "-O";
				VALIDATE_PRODUCT = YES;
			};
			name = Release;
		};
		FF54290D2A08191A0027A1A4 /* Debug */ = {
			isa = XCBuildConfiguration;
			baseConfigurationReference = 9A70D4C9EA2BE64595C4F007 /* Pods-ArticleApp.debug.xcconfig */;
			buildSettings = {
				ASSETCATALOG_COMPILER_APPICON_NAME = AppIcon;
				ASSETCATALOG_COMPILER_GLOBAL_ACCENT_COLOR_NAME = AccentColor;
				CODE_SIGN_STYLE = Automatic;
				CURRENT_PROJECT_VERSION = 1;
				DEVELOPMENT_TEAM = C99Q2FT79Y;
				GENERATE_INFOPLIST_FILE = YES;
				INFOPLIST_FILE = ArticleApp/Info.plist;
				INFOPLIST_KEY_CFBundleDisplayName = "Article App";
				INFOPLIST_KEY_UIApplicationSupportsIndirectInputEvents = YES;
				INFOPLIST_KEY_UILaunchStoryboardName = LaunchScreen;
				INFOPLIST_KEY_UIMainStoryboardFile = Main;
				INFOPLIST_KEY_UISupportedInterfaceOrientations_iPad = "UIInterfaceOrientationPortrait UIInterfaceOrientationPortraitUpsideDown UIInterfaceOrientationLandscapeLeft UIInterfaceOrientationLandscapeRight";
				INFOPLIST_KEY_UISupportedInterfaceOrientations_iPhone = "UIInterfaceOrientationPortrait UIInterfaceOrientationLandscapeLeft UIInterfaceOrientationLandscapeRight";
				IPHONEOS_DEPLOYMENT_TARGET = 11.0;
				LD_RUNPATH_SEARCH_PATHS = (
					"$(inherited)",
					"@executable_path/Frameworks",
				);
				MARKETING_VERSION = 1.0;
				PRODUCT_BUNDLE_IDENTIFIER = id.arkio.ArticleApp;
				PRODUCT_NAME = "$(TARGET_NAME)";
				SWIFT_EMIT_LOC_STRINGS = YES;
				SWIFT_VERSION = 5.0;
				TARGETED_DEVICE_FAMILY = "1,2";
			};
			name = Debug;
		};
		FF54290E2A08191A0027A1A4 /* Release */ = {
			isa = XCBuildConfiguration;
			baseConfigurationReference = 1E99AAF89C04CE2781E98AFD /* Pods-ArticleApp.release.xcconfig */;
			buildSettings = {
				ASSETCATALOG_COMPILER_APPICON_NAME = AppIcon;
				ASSETCATALOG_COMPILER_GLOBAL_ACCENT_COLOR_NAME = AccentColor;
				CODE_SIGN_STYLE = Automatic;
				CURRENT_PROJECT_VERSION = 1;
				DEVELOPMENT_TEAM = C99Q2FT79Y;
				GENERATE_INFOPLIST_FILE = YES;
				INFOPLIST_FILE = ArticleApp/Info.plist;
				INFOPLIST_KEY_CFBundleDisplayName = "Article App";
				INFOPLIST_KEY_UIApplicationSupportsIndirectInputEvents = YES;
				INFOPLIST_KEY_UILaunchStoryboardName = LaunchScreen;
				INFOPLIST_KEY_UIMainStoryboardFile = Main;
				INFOPLIST_KEY_UISupportedInterfaceOrientations_iPad = "UIInterfaceOrientationPortrait UIInterfaceOrientationPortraitUpsideDown UIInterfaceOrientationLandscapeLeft UIInterfaceOrientationLandscapeRight";
				INFOPLIST_KEY_UISupportedInterfaceOrientations_iPhone = "UIInterfaceOrientationPortrait UIInterfaceOrientationLandscapeLeft UIInterfaceOrientationLandscapeRight";
				IPHONEOS_DEPLOYMENT_TARGET = 11.0;
				LD_RUNPATH_SEARCH_PATHS = (
					"$(inherited)",
					"@executable_path/Frameworks",
				);
				MARKETING_VERSION = 1.0;
				PRODUCT_BUNDLE_IDENTIFIER = id.arkio.ArticleApp;
				PRODUCT_NAME = "$(TARGET_NAME)";
				SWIFT_EMIT_LOC_STRINGS = YES;
				SWIFT_VERSION = 5.0;
				TARGETED_DEVICE_FAMILY = "1,2";
			};
			name = Release;
		};
/* End XCBuildConfiguration section */

/* Begin XCConfigurationList section */
		FF5428F32A0819180027A1A4 /* Build configuration list for PBXProject "ArticleApp" */ = {
			isa = XCConfigurationList;
			buildConfigurations = (
				FF54290A2A08191A0027A1A4 /* Debug */,
				FF54290B2A08191A0027A1A4 /* Release */,
			);
			defaultConfigurationIsVisible = 0;
			defaultConfigurationName = Release;
		};
		FF54290C2A08191A0027A1A4 /* Build configuration list for PBXNativeTarget "ArticleApp" */ = {
			isa = XCConfigurationList;
			buildConfigurations = (
				FF54290D2A08191A0027A1A4 /* Debug */,
				FF54290E2A08191A0027A1A4 /* Release */,
			);
			defaultConfigurationIsVisible = 0;
			defaultConfigurationName = Release;
		};
/* End XCConfigurationList section */

/* Begin XCVersionGroup section */
		FF662EDC2A0BDC440035154C /* ArticleApp.xcdatamodeld */ = {
			isa = XCVersionGroup;
			children = (
				FF662EDD2A0BDC440035154C /* ArticleApp.xcdatamodel */,
			);
			currentVersion = FF662EDD2A0BDC440035154C /* ArticleApp.xcdatamodel */;
			path = ArticleApp.xcdatamodeld;
			sourceTree = "<group>";
			versionGroupType = wrapper.xcdatamodel;
		};
/* End XCVersionGroup section */
	};
	rootObject = FF5428F02A0819180027A1A4 /* Project object */;
}
